{
  "name": "typedefs",
  "version": "0.0.1",
  "lockfileVersion": 1,
  "requires": true,
  "dependencies": {
    "commander": {
      "version": "2.20.0",
      "resolved": "https://registry.npmjs.org/commander/-/commander-2.20.0.tgz",
      "integrity": "sha512-7j2y+40w61zy6YC2iRNpUe/NwhNyoXrYpHMrSunaMG64nRnaf96zO/KMQR4OyN/UnE5KLyEBnKHd4aG3rskjpQ=="
    },
    "get-stdin": {
      "version": "6.0.0",
      "resolved": "https://registry.npmjs.org/get-stdin/-/get-stdin-6.0.0.tgz",
      "integrity": "sha512-jp4tHawyV7+fkkSKyvjuLZswblUtz+SQKzSWnBbii16BuZksJlU1wuBYXY75r+duh/llF1ur6oNwi+2ZzjKZ7g=="
    },
    "typedefs-js": {
      "version": "1.0.1",
      "resolved": "https://registry.npmjs.org/typedefs-js/-/typedefs-js-1.0.1.tgz",
      "integrity": "sha512-iLnmIn//HhmhTARweabK0dKGWQ1Vd5jOTFoDdoukxkMjeNLGORBRwHGF56MjI4K4xr5J4zDmLsz/wohpp1eNRg=="
    }
  }
}
